
Microsoft Visual Studio Solution File, Format Version 12.00
# Visual Studio Version 16
VisualStudioVersion = 16.0.28729.10
MinimumVisualStudioVersion = 10.0.40219.1
Project("{FAE04EC0-301F-11D3-BF4B-00C04F79EFBC}") = "PatientAppi", "PatientAppi\PatientAppi.csproj", "{7D82FF76-C7F5-4F1B-BBD0-B520C15EDBD8}"
EndProject
Global
	GlobalSection(SolutionConfigurationPlatforms) = preSolution
		Debug|Any CPU = Debug|Any CPU
		Release|Any CPU = Release|Any CPU
	EndGlobalSection
	GlobalSection(ProjectConfigurationPlatforms) = postSolution
		{7D82FF76-C7F5-4F1B-BBD0-B520C15EDBD8}.Debug|Any CPU.ActiveCfg = Debug|Any CPU
		{7D82FF76-C7F5-4F1B-BBD0-B520C15EDBD8}.Debug|Any CPU.Build.0 = Debug|Any CPU
		{7D82FF76-C7F5-4F1B-BBD0-B520C15EDBD8}.Release|Any CPU.ActiveCfg = Release|Any CPU
		{7D82FF76-C7F5-4F1B-BBD0-B520C15EDBD8}.Release|Any CPU.Build.0 = Release|Any CPU
	EndGlobalSection
	GlobalSection(SolutionProperties) = preSolution
		HideSolutionNode = FALSE
	EndGlobalSection
	GlobalSection(ExtensibilityGlobals) = postSolution
		SolutionGuid = {6219BF79-F780-4F90-A808-22DD680CFA90}
	EndGlobalSection
EndGlobal
